
Microsoft Visual Studio Solution File, Format Version 12.00
# Visual Studio Version 17
VisualStudioVersion = 17.6.33723.286
MinimumVisualStudioVersion = 10.0.40219.1
Project("{FAE04EC0-301F-11D3-BF4B-00C04F79EFBC}") = "WPFButtonProperty", "WPFButtonProperty\WPFButtonProperty.csproj", "{BFC4E810-71EE-4BDC-B345-A6FBCCABD180}"
EndProject
Global
	GlobalSection(SolutionConfigurationPlatforms) = preSolution
		Debug|Any CPU = Debug|Any CPU
		Release|Any CPU = Release|Any CPU
	EndGlobalSection
	GlobalSection(ProjectConfigurationPlatforms) = postSolution
		{BFC4E810-71EE-4BDC-B345-A6FBCCABD180}.Debug|Any CPU.ActiveCfg = Debug|Any CPU
		{BFC4E810-71EE-4BDC-B345-A6FBCCABD180}.Debug|Any CPU.Build.0 = Debug|Any CPU
		{BFC4E810-71EE-4BDC-B345-A6FBCCABD180}.Release|Any CPU.ActiveCfg = Release|Any CPU
		{BFC4E810-71EE-4BDC-B345-A6FBCCABD180}.Release|Any CPU.Build.0 = Release|Any CPU
	EndGlobalSection
	GlobalSection(SolutionProperties) = preSolution
		HideSolutionNode = FALSE
	EndGlobalSection
	GlobalSection(ExtensibilityGlobals) = postSolution
		SolutionGuid = {664A6CB4-F4B5-4FED-8337-BCB6BF441DF1}
	EndGlobalSection
EndGlobal
